// !$*UTF8*$!
{
	archiveVersion = 1;
	classes = {
	};
	objectVersion = 56;
	objects = {

/* Begin PBXBuildFile section */
		81715E8B29762EF200D4B83B /* CustomNavigationTitleView.swift in Sources */ = {isa = PBXBuildFile; fileRef = 81715E8A29762EF200D4B83B /* CustomNavigationTitleView.swift */; };
		81715E8E2976300B00D4B83B /* ExamplesListView.swift in Sources */ = {isa = PBXBuildFile; fileRef = 81715E8D2976300B00D4B83B /* ExamplesListView.swift */; };
		81D7538E2971DDE800DCF982 /* SpacesQuestionAndAnswerExamplesApp.swift in Sources */ = {isa = PBXBuildFile; fileRef = 81D7538D2971DDE800DCF982 /* SpacesQuestionAndAnswerExamplesApp.swift */; };
		81D753902971DDE800DCF982 /* ContentView.swift in Sources */ = {isa = PBXBuildFile; fileRef = 81D7538F2971DDE800DCF982 /* ContentView.swift */; };
		81D753922971DDE900DCF982 /* Assets.xcassets in Resources */ = {isa = PBXBuildFile; fileRef = 81D753912971DDE900DCF982 /* Assets.xcassets */; };
		81D753952971DDE900DCF982 /* Preview Assets.xcassets in Resources */ = {isa = PBXBuildFile; fileRef = 81D753942971DDE900DCF982 /* Preview Assets.xcassets */; };
		81D7539C2971DE3800DCF982 /* ImageLayeringView.swift in Sources */ = {isa = PBXBuildFile; fileRef = 81D7539B2971DE3800DCF982 /* ImageLayeringView.swift */; };
		81D753A02971E35600DCF982 /* BorderExampleView.swift in Sources */ = {isa = PBXBuildFile; fileRef = 81D7539F2971E35600DCF982 /* BorderExampleView.swift */; };
		81D753A22971E6F600DCF982 /* LayeringImagesView.swift in Sources */ = {isa = PBXBuildFile; fileRef = 81D753A12971E6F600DCF982 /* LayeringImagesView.swift */; };
/* End PBXBuildFile section */

/* Begin PBXFileReference section */
		81715E8A29762EF200D4B83B /* CustomNavigationTitleView.swift */ = {isa = PBXFileReference; lastKnownFileType = sourcecode.swift; path = CustomNavigationTitleView.swift; sourceTree = "<group>"; };
		81715E8D2976300B00D4B83B /* ExamplesListView.swift */ = {isa = PBXFileReference; lastKnownFileType = sourcecode.swift; path = ExamplesListView.swift; sourceTree = "<group>"; };
		81D7538A2971DDE800DCF982 /* SpacesQuestionAndAnswerExamples.app */ = {isa = PBXFileReference; explicitFileType = wrapper.application; includeInIndex = 0; path = SpacesQuestionAndAnswerExamples.app; sourceTree = BUILT_PRODUCTS_DIR; };
		81D7538D2971DDE800DCF982 /* SpacesQuestionAndAnswerExamplesApp.swift */ = {isa = PBXFileReference; lastKnownFileType = sourcecode.swift; path = SpacesQuestionAndAnswerExamplesApp.swift; sourceTree = "<group>"; };
		81D7538F2971DDE800DCF982 /* ContentView.swift */ = {isa = PBXFileReference; lastKnownFileType = sourcecode.swift; path = ContentView.swift; sourceTree = "<group>"; };
		81D753912971DDE900DCF982 /* Assets.xcassets */ = {isa = PBXFileReference; lastKnownFileType = folder.assetcatalog; path = Assets.xcassets; sourceTree = "<group>"; };
		81D753942971DDE900DCF982 /* Preview Assets.xcassets */ = {isa = PBXFileReference; lastKnownFileType = folder.assetcatalog; path = "Preview Assets.xcassets"; sourceTree = "<group>"; };
		81D7539B2971DE3800DCF982 /* ImageLayeringView.swift */ = {isa = PBXFileReference; lastKnownFileType = sourcecode.swift; path = ImageLayeringView.swift; sourceTree = "<group>"; };
		81D7539F2971E35600DCF982 /* BorderExampleView.swift */ = {isa = PBXFileReference; lastKnownFileType = sourcecode.swift; path = BorderExampleView.swift; sourceTree = "<group>"; };
		81D753A12971E6F600DCF982 /* LayeringImagesView.swift */ = {isa = PBXFileReference; lastKnownFileType = sourcecode.swift; path = LayeringImagesView.swift; sourceTree = "<group>"; };
/* End PBXFileReference section */

/* Begin PBXFrameworksBuildPhase section */
		81D753872971DDE800DCF982 /* Frameworks */ = {
			isa = PBXFrameworksBuildPhase;
			buildActionMask = 2147483647;
			files = (
			);
			runOnlyForDeploymentPostprocessing = 0;
		};
/* End PBXFrameworksBuildPhase section */

/* Begin PBXGroup section */
		81715E8C29762FE100D4B83B /* Views */ = {
			isa = PBXGroup;
			children = (
				81D7538F2971DDE800DCF982 /* ContentView.swift */,
				81D7539B2971DE3800DCF982 /* ImageLayeringView.swift */,
				81715E8A29762EF200D4B83B /* CustomNavigationTitleView.swift */,
				81D7539F2971E35600DCF982 /* BorderExampleView.swift */,
				81D753A12971E6F600DCF982 /* LayeringImagesView.swift */,
				81715E8D2976300B00D4B83B /* ExamplesListView.swift */,
			);
			path = Views;
			sourceTree = "<group>";
		};
		81D753812971DDE800DCF982 = {
			isa = PBXGroup;
			children = (
				81D7538C2971DDE800DCF982 /* SpacesQuestionAndAnswerExamples */,
				81D7538B2971DDE800DCF982 /* Products */,
			);
			sourceTree = "<group>";
		};
		81D7538B2971DDE800DCF982 /* Products */ = {
			isa = PBXGroup;
			children = (
				81D7538A2971DDE800DCF982 /* SpacesQuestionAndAnswerExamples.app */,
			);
			name = Products;
			sourceTree = "<group>";
		};
		81D7538C2971DDE800DCF982 /* SpacesQuestionAndAnswerExamples */ = {
			isa = PBXGroup;
			children = (
				81D7538D2971DDE800DCF982 /* SpacesQuestionAndAnswerExamplesApp.swift */,
				81715E8C29762FE100D4B83B /* Views */,
				81D753912971DDE900DCF982 /* Assets.xcassets */,
				81D753932971DDE900DCF982 /* Preview Content */,
			);
			path = SpacesQuestionAndAnswerExamples;
			sourceTree = "<group>";
		};
		81D753932971DDE900DCF982 /* Preview Content */ = {
			isa = PBXGroup;
			children = (
				81D753942971DDE900DCF982 /* Preview Assets.xcassets */,
			);
			path = "Preview Content";
			sourceTree = "<group>";
		};
/* End PBXGroup section */

/* Begin PBXNativeTarget section */
		81D753892971DDE800DCF982 /* SpacesQuestionAndAnswerExamples */ = {
			isa = PBXNativeTarget;
			buildConfigurationList = 81D753982971DDE900DCF982 /* Build configuration list for PBXNativeTarget "SpacesQuestionAndAnswerExamples" */;
			buildPhases = (
				81D753862971DDE800DCF982 /* Sources */,
				81D753872971DDE800DCF982 /* Frameworks */,
				81D753882971DDE800DCF982 /* Resources */,
			);
			buildRules = (
			);
			dependencies = (
			);
			name = SpacesQuestionAndAnswerExamples;
			productName = SpacesQuestionAndAnswerExamples;
			productReference = 81D7538A2971DDE800DCF982 /* SpacesQuestionAndAnswerExamples.app */;
			productType = "com.apple.product-type.application";
		};
/* End PBXNativeTarget section */

/* Begin PBXProject section */
		81D753822971DDE800DCF982 /* Project object */ = {
			isa = PBXProject;
			attributes = {
				BuildIndependentTargetsInParallel = 1;
				LastSwiftUpdateCheck = 1410;
				LastUpgradeCheck = 1410;
				TargetAttributes = {
					81D753892971DDE800DCF982 = {
						CreatedOnToolsVersion = 14.1;
					};
				};
			};
			buildConfigurationList = 81D753852971DDE800DCF982 /* Build configuration list for PBXProject "SpacesQuestionAndAnswerExamples" */;
			compatibilityVersion = "Xcode 14.0";
			developmentRegion = en;
			hasScannedForEncodings = 0;
			knownRegions = (
				en,
				Base,
			);
			mainGroup = 81D753812971DDE800DCF982;
			productRefGroup = 81D7538B2971DDE800DCF982 /* Products */;
			projectDirPath = "";
			projectRoot = "";
			targets = (
				81D753892971DDE800DCF982 /* SpacesQuestionAndAnswerExamples */,
			);
		};
/* End PBXProject section */

/* Begin PBXResourcesBuildPhase section */
		81D753882971DDE800DCF982 /* Resources */ = {
			isa = PBXResourcesBuildPhase;
			buildActionMask = 2147483647;
			files = (
				81D753952971DDE900DCF982 /* Preview Assets.xcassets in Resources */,
				81D753922971DDE900DCF982 /* Assets.xcassets in Resources */,
			);
			runOnlyForDeploymentPostprocessing = 0;
		};
/* End PBXResourcesBuildPhase section */

/* Begin PBXSourcesBuildPhase section */
		81D753862971DDE800DCF982 /* Sources */ = {
			isa = PBXSourcesBuildPhase;
			buildActionMask = 2147483647;
			files = (
				81715E8B29762EF200D4B83B /* CustomNavigationTitleView.swift in Sources */,
				81D753902971DDE800DCF982 /* ContentView.swift in Sources */,
				81D7538E2971DDE800DCF982 /* SpacesQuestionAndAnswerExamplesApp.swift in Sources */,
				81715E8E2976300B00D4B83B /* ExamplesListView.swift in Sources */,
				81D7539C2971DE3800DCF982 /* ImageLayeringView.swift in Sources */,
				81D753A02971E35600DCF982 /* BorderExampleView.swift in Sources */,
				81D753A22971E6F600DCF982 /* LayeringImagesView.swift in Sources */,
			);
			runOnlyForDeploymentPostprocessing = 0;
		};
/* End PBXSourcesBuildPhase section */

/* Begin XCBuildConfiguration section */
		81D753962971DDE900DCF982 /* Debug */ = {
			isa = XCBuildConfiguration;
			buildSettings = {
				ALWAYS_SEARCH_USER_PATHS = NO;
				CLANG_ANALYZER_NONNULL = YES;
				CLANG_ANALYZER_NUMBER_OBJECT_CONVERSION = YES_AGGRESSIVE;
				CLANG_CXX_LANGUAGE_STANDARD = "gnu++20";
				CLANG_ENABLE_MODULES = YES;
				CLANG_ENABLE_OBJC_ARC = YES;
				CLANG_ENABLE_OBJC_WEAK = YES;
				CLANG_WARN_BLOCK_CAPTURE_AUTORELEASING = YES;
				CLANG_WARN_BOOL_CONVERSION = YES;
				CLANG_WARN_COMMA = YES;
				CLANG_WARN_CONSTANT_CONVERSION = YES;
				CLANG_WARN_DEPRECATED_OBJC_IMPLEMENTATIONS = YES;
				CLANG_WARN_DIRECT_OBJC_ISA_USAGE = YES_ERROR;
				CLANG_WARN_DOCUMENTATION_COMMENTS = YES;
				CLANG_WARN_EMPTY_BODY = YES;
				CLANG_WARN_ENUM_CONVERSION = YES;
				CLANG_WARN_INFINITE_RECURSION = YES;
				CLANG_WARN_INT_CONVERSION = YES;
				CLANG_WARN_NON_LITERAL_NULL_CONVERSION = YES;
				CLANG_WARN_OBJC_IMPLICIT_RETAIN_SELF = YES;
				CLANG_WARN_OBJC_LITERAL_CONVERSION = YES;
				CLANG_WARN_OBJC_ROOT_CLASS = YES_ERROR;
				CLANG_WARN_QUOTED_INCLUDE_IN_FRAMEWORK_HEADER = YES;
				CLANG_WARN_RANGE_LOOP_ANALYSIS = YES;
				CLANG_WARN_STRICT_PROTOTYPES = YES;
				CLANG_WARN_SUSPICIOUS_MOVE = YES;
				CLANG_WARN_UNGUARDED_AVAILABILITY = YES_AGGRESSIVE;
				CLANG_WARN_UNREACHABLE_CODE = YES;
				CLANG_WARN__DUPLICATE_METHOD_MATCH = YES;
				COPY_PHASE_STRIP = NO;
				DEBUG_INFORMATION_FORMAT = dwarf;
				ENABLE_STRICT_OBJC_MSGSEND = YES;
				ENABLE_TESTABILITY = YES;
				GCC_C_LANGUAGE_STANDARD = gnu11;
				GCC_DYNAMIC_NO_PIC = NO;
				GCC_NO_COMMON_BLOCKS = YES;
				GCC_OPTIMIZATION_LEVEL = 0;
				GCC_PREPROCESSOR_DEFINITIONS = (
					"DEBUG=1",
					"$(inherited)",
				);
				GCC_WARN_64_TO_32_BIT_CONVERSION = YES;
				GCC_WARN_ABOUT_RETURN_TYPE = YES_ERROR;
				GCC_WARN_UNDECLARED_SELECTOR = YES;
				GCC_WARN_UNINITIALIZED_AUTOS = YES_AGGRESSIVE;
				GCC_WARN_UNUSED_FUNCTION = YES;
				GCC_WARN_UNUSED_VARIABLE = YES;
				IPHONEOS_DEPLOYMENT_TARGET = 16.1;
				MTL_ENABLE_DEBUG_INFO = INCLUDE_SOURCE;
				MTL_FAST_MATH = YES;
				ONLY_ACTIVE_ARCH = YES;
				SDKROOT = iphoneos;
				SWIFT_ACTIVE_COMPILATION_CONDITIONS = DEBUG;
				SWIFT_OPTIMIZATION_LEVEL = "-Onone";
			};
			name = Debug;
		};
		81D753972971DDE900DCF982 /* Release */ = {
			isa = XCBuildConfiguration;
			buildSettings = {
				ALWAYS_SEARCH_USER_PATHS = NO;
				CLANG_ANALYZER_NONNULL = YES;
				CLANG_ANALYZER_NUMBER_OBJECT_CONVERSION = YES_AGGRESSIVE;
				CLANG_CXX_LANGUAGE_STANDARD = "gnu++20";
				CLANG_ENABLE_MODULES = YES;
				CLANG_ENABLE_OBJC_ARC = YES;
				CLANG_ENABLE_OBJC_WEAK = YES;
				CLANG_WARN_BLOCK_CAPTURE_AUTORELEASING = YES;
				CLANG_WARN_BOOL_CONVERSION = YES;
				CLANG_WARN_COMMA = YES;
				CLANG_WARN_CONSTANT_CONVERSION = YES;
				CLANG_WARN_DEPRECATED_OBJC_IMPLEMENTATIONS = YES;
				CLANG_WARN_DIRECT_OBJC_ISA_USAGE = YES_ERROR;
				CLANG_WARN_DOCUMENTATION_COMMENTS = YES;
				CLANG_WARN_EMPTY_BODY = YES;
				CLANG_WARN_ENUM_CONVERSION = YES;
				CLANG_WARN_INFINITE_RECURSION = YES;
				CLANG_WARN_INT_CONVERSION = YES;
				CLANG_WARN_NON_LITERAL_NULL_CONVERSION = YES;
				CLANG_WARN_OBJC_IMPLICIT_RETAIN_SELF = YES;
				CLANG_WARN_OBJC_LITERAL_CONVERSION = YES;
				CLANG_WARN_OBJC_ROOT_CLASS = YES_ERROR;
				CLANG_WARN_QUOTED_INCLUDE_IN_FRAMEWORK_HEADER = YES;
				CLANG_WARN_RANGE_LOOP_ANALYSIS = YES;
				CLANG_WARN_STRICT_PROTOTYPES = YES;
				CLANG_WARN_SUSPICIOUS_MOVE = YES;
				CLANG_WARN_UNGUARDED_AVAILABILITY = YES_AGGRESSIVE;
				CLANG_WARN_UNREACHABLE_CODE = YES;
				CLANG_WARN__DUPLICATE_METHOD_MATCH = YES;
				COPY_PHASE_STRIP = NO;
				DEBUG_INFORMATION_FORMAT = "dwarf-with-dsym";
				ENABLE_NS_ASSERTIONS = NO;
				ENABLE_STRICT_OBJC_MSGSEND = YES;
				GCC_C_LANGUAGE_STANDARD = gnu11;
				GCC_NO_COMMON_BLOCKS = YES;
				GCC_WARN_64_TO_32_BIT_CONVERSION = YES;
				GCC_WARN_ABOUT_RETURN_TYPE = YES_ERROR;
				GCC_WARN_UNDECLARED_SELECTOR = YES;
				GCC_WARN_UNINITIALIZED_AUTOS = YES_AGGRESSIVE;
				GCC_WARN_UNUSED_FUNCTION = YES;
				GCC_WARN_UNUSED_VARIABLE = YES;
				IPHONEOS_DEPLOYMENT_TARGET = 16.1;
				MTL_ENABLE_DEBUG_INFO = NO;
				MTL_FAST_MATH = YES;
				SDKROOT = iphoneos;
				SWIFT_COMPILATION_MODE = wholemodule;
				SWIFT_OPTIMIZATION_LEVEL = "-O";
				VALIDATE_PRODUCT = YES;
			};
			name = Release;
		};
		81D753992971DDE900DCF982 /* Debug */ = {
			isa = XCBuildConfiguration;
			buildSettings = {
				ASSETCATALOG_COMPILER_APPICON_NAME = AppIcon;
				ASSETCATALOG_COMPILER_GLOBAL_ACCENT_COLOR_NAME = AccentColor;
				CODE_SIGN_STYLE = Automatic;
				CURRENT_PROJECT_VERSION = 1;
				DEVELOPMENT_ASSET_PATHS = "\"SpacesQuestionAndAnswerExamples/Preview Content\"";
				DEVELOPMENT_TEAM = U2ZN2W2UQJ;
				ENABLE_PREVIEWS = YES;
				GENERATE_INFOPLIST_FILE = YES;
				INFOPLIST_KEY_UIApplicationSceneManifest_Generation = YES;
				INFOPLIST_KEY_UIApplicationSupportsIndirectInputEvents = YES;
				INFOPLIST_KEY_UILaunchScreen_Generation = YES;
				INFOPLIST_KEY_UISupportedInterfaceOrientations_iPad = "UIInterfaceOrientationPortrait UIInterfaceOrientationPortraitUpsideDown UIInterfaceOrientationLandscapeLeft UIInterfaceOrientationLandscapeRight";
				INFOPLIST_KEY_UISupportedInterfaceOrientations_iPhone = "UIInterfaceOrientationPortrait UIInterfaceOrientationLandscapeLeft UIInterfaceOrientationLandscapeRight";
				LD_RUNPATH_SEARCH_PATHS = (
					"$(inherited)",
					"@executable_path/Frameworks",
				);
				MARKETING_VERSION = 1.0;
				PRODUCT_BUNDLE_IDENTIFIER = ca.russellgordon.SpacesQuestionAndAnswerExamples;
				PRODUCT_NAME = "$(TARGET_NAME)";
				SWIFT_EMIT_LOC_STRINGS = YES;
				SWIFT_VERSION = 5.0;
				TARGETED_DEVICE_FAMILY = "1,2";
			};
			name = Debug;
		};
		81D7539A2971DDE900DCF982 /* Release */ = {
			isa = XCBuildConfiguration;
			buildSettings = {
				ASSETCATALOG_COMPILER_APPICON_NAME = AppIcon;
				ASSETCATALOG_COMPILER_GLOBAL_ACCENT_COLOR_NAME = AccentColor;
				CODE_SIGN_STYLE = Automatic;
				CURRENT_PROJECT_VERSION = 1;
				DEVELOPMENT_ASSET_PATHS = "\"SpacesQuestionAndAnswerExamples/Preview Content\"";
				DEVELOPMENT_TEAM = U2ZN2W2UQJ;
				ENABLE_PREVIEWS = YES;
				GENERATE_INFOPLIST_FILE = YES;
				INFOPLIST_KEY_UIApplicationSceneManifest_Generation = YES;
				INFOPLIST_KEY_UIApplicationSupportsIndirectInputEvents = YES;
				INFOPLIST_KEY_UILaunchScreen_Generation = YES;
				INFOPLIST_KEY_UISupportedInterfaceOrientations_iPad = "UIInterfaceOrientationPortrait UIInterfaceOrientationPortraitUpsideDown UIInterfaceOrientationLandscapeLeft UIInterfaceOrientationLandscapeRight";
				INFOPLIST_KEY_UISupportedInterfaceOrientations_iPhone = "UIInterfaceOrientationPortrait UIInterfaceOrientationLandscapeLeft UIInterfaceOrientationLandscapeRight";
				LD_RUNPATH_SEARCH_PATHS = (
					"$(inherited)",
					"@executable_path/Frameworks",
				);
				MARKETING_VERSION = 1.0;
				PRODUCT_BUNDLE_IDENTIFIER = ca.russellgordon.SpacesQuestionAndAnswerExamples;
				PRODUCT_NAME = "$(TARGET_NAME)";
				SWIFT_EMIT_LOC_STRINGS = YES;
				SWIFT_VERSION = 5.0;
				TARGETED_DEVICE_FAMILY = "1,2";
			};
			name = Release;
		};
/* End XCBuildConfiguration section */

/* Begin XCConfigurationList section */
		81D753852971DDE800DCF982 /* Build configuration list for PBXProject "SpacesQuestionAndAnswerExamples" */ = {
			isa = XCConfigurationList;
			buildConfigurations = (
				81D753962971DDE900DCF982 /* Debug */,
				81D753972971DDE900DCF982 /* Release */,
			);
			defaultConfigurationIsVisible = 0;
			defaultConfigurationName = Release;
		};
		81D753982971DDE900DCF982 /* Build configuration list for PBXNativeTarget "SpacesQuestionAndAnswerExamples" */ = {
			isa = XCConfigurationList;
			buildConfigurations = (
				81D753992971DDE900DCF982 /* Debug */,
				81D7539A2971DDE900DCF982 /* Release */,
			);
			defaultConfigurationIsVisible = 0;
			defaultConfigurationName = Release;
		};
/* End XCConfigurationList section */
	};
	rootObject = 81D753822971DDE800DCF982 /* Project object */;
}
